
Microsoft Visual Studio Solution File, Format Version 12.00
# Visual Studio Version 17
VisualStudioVersion = 17.14.36310.24 d17.14
MinimumVisualStudioVersion = 10.0.40219.1
Project("{FAE04EC0-301F-11D3-BF4B-00C04F79EFBC}") = "ClassLibraryProject", "ClassLibraryProject\ClassLibraryProject.csproj", "{87FCCB19-625B-4086-8B7C-A86B300075B8}"
EndProject
Project("{FAE04EC0-301F-11D3-BF4B-00C04F79EFBC}") = "RepositoryLibraryProject", "RepositoryLibraryProject\RepositoryLibraryProject.csproj", "{BE6A6DFA-E7DB-468E-8468-8AA04C0289B4}"
EndProject
Project("{FAE04EC0-301F-11D3-BF4B-00C04F79EFBC}") = "ServiceLibraryProject", "ServiceLibraryProject\ServiceLibraryProject.csproj", "{861E00CC-3CE0-44A7-B83C-F4D52B1E9768}"
EndProject
Project("{FAE04EC0-301F-11D3-BF4B-00C04F79EFBC}") = "WebAPI", "WebAPI\WebAPI.csproj", "{77DF18DC-7444-4259-BFBC-AF6529ECCE05}"
EndProject
Global
	GlobalSection(SolutionConfigurationPlatforms) = preSolution
		Debug|Any CPU = Debug|Any CPU
		Release|Any CPU = Release|Any CPU
	EndGlobalSection
	GlobalSection(ProjectConfigurationPlatforms) = postSolution
		{87FCCB19-625B-4086-8B7C-A86B300075B8}.Debug|Any CPU.ActiveCfg = Debug|Any CPU
		{87FCCB19-625B-4086-8B7C-A86B300075B8}.Debug|Any CPU.Build.0 = Debug|Any CPU
		{87FCCB19-625B-4086-8B7C-A86B300075B8}.Release|Any CPU.ActiveCfg = Release|Any CPU
		{87FCCB19-625B-4086-8B7C-A86B300075B8}.Release|Any CPU.Build.0 = Release|Any CPU
		{BE6A6DFA-E7DB-468E-8468-8AA04C0289B4}.Debug|Any CPU.ActiveCfg = Debug|Any CPU
		{BE6A6DFA-E7DB-468E-8468-8AA04C0289B4}.Debug|Any CPU.Build.0 = Debug|Any CPU
		{BE6A6DFA-E7DB-468E-8468-8AA04C0289B4}.Release|Any CPU.ActiveCfg = Release|Any CPU
		{BE6A6DFA-E7DB-468E-8468-8AA04C0289B4}.Release|Any CPU.Build.0 = Release|Any CPU
		{861E00CC-3CE0-44A7-B83C-F4D52B1E9768}.Debug|Any CPU.ActiveCfg = Debug|Any CPU
		{861E00CC-3CE0-44A7-B83C-F4D52B1E9768}.Debug|Any CPU.Build.0 = Debug|Any CPU
		{861E00CC-3CE0-44A7-B83C-F4D52B1E9768}.Release|Any CPU.ActiveCfg = Release|Any CPU
		{861E00CC-3CE0-44A7-B83C-F4D52B1E9768}.Release|Any CPU.Build.0 = Release|Any CPU
		{77DF18DC-7444-4259-BFBC-AF6529ECCE05}.Debug|Any CPU.ActiveCfg = Debug|Any CPU
		{77DF18DC-7444-4259-BFBC-AF6529ECCE05}.Debug|Any CPU.Build.0 = Debug|Any CPU
		{77DF18DC-7444-4259-BFBC-AF6529ECCE05}.Release|Any CPU.ActiveCfg = Release|Any CPU
		{77DF18DC-7444-4259-BFBC-AF6529ECCE05}.Release|Any CPU.Build.0 = Release|Any CPU
	EndGlobalSection
	GlobalSection(SolutionProperties) = preSolution
		HideSolutionNode = FALSE
	EndGlobalSection
	GlobalSection(ExtensibilityGlobals) = postSolution
		SolutionGuid = {B1A478D7-2261-4EC0-8E97-321FF8996515}
	EndGlobalSection
EndGlobal
